
Microsoft Visual Studio Solution File, Format Version 12.00
# Visual Studio 2015
Project("{FAE04EC0-301F-11D3-BF4B-00C04F79EFBC}") = "Naval Combat.CSharp.Plugins", "Naval Combat.CSharp.Plugins.csproj", "{A2405C10-1C04-1712-CDBF-365E38D673EE}"
EndProject
Project("{FAE04EC0-301F-11D3-BF4B-00C04F79EFBC}") = "Naval Combat.CSharp", "Naval Combat.CSharp.csproj", "{BD33DA7D-B14B-B0D0-55AB-33A8AF4369BA}"
EndProject
Global
	GlobalSection(SolutionConfigurationPlatforms) = preSolution
		Debug|Any CPU = Debug|Any CPU
		Release|Any CPU = Release|Any CPU
	EndGlobalSection
	GlobalSection(ProjectConfigurationPlatforms) = postSolution
		{A2405C10-1C04-1712-CDBF-365E38D673EE}.Debug|Any CPU.ActiveCfg = Debug|Any CPU
		{A2405C10-1C04-1712-CDBF-365E38D673EE}.Debug|Any CPU.Build.0 = Debug|Any CPU
		{A2405C10-1C04-1712-CDBF-365E38D673EE}.Release|Any CPU.ActiveCfg = Release|Any CPU
		{A2405C10-1C04-1712-CDBF-365E38D673EE}.Release|Any CPU.Build.0 = Release|Any CPU
		{BD33DA7D-B14B-B0D0-55AB-33A8AF4369BA}.Debug|Any CPU.ActiveCfg = Debug|Any CPU
		{BD33DA7D-B14B-B0D0-55AB-33A8AF4369BA}.Debug|Any CPU.Build.0 = Debug|Any CPU
		{BD33DA7D-B14B-B0D0-55AB-33A8AF4369BA}.Release|Any CPU.ActiveCfg = Release|Any CPU
		{BD33DA7D-B14B-B0D0-55AB-33A8AF4369BA}.Release|Any CPU.Build.0 = Release|Any CPU
	EndGlobalSection
	GlobalSection(SolutionProperties) = preSolution
		HideSolutionNode = FALSE
	EndGlobalSection
EndGlobal
